
Microsoft Visual Studio Solution File, Format Version 10.00
# Visual C++ Express 2008
Project("{8BC9CEB8-8B4A-11D0-8D11-00A0C91BC942}") = "awt", "awt\awt.vcproj", "{852C21BD-D8A5-4747-BCF5-C233B8A1CDF0}"
	ProjectSection(ProjectDependencies) = postProject
		{46B701C4-1E36-4C22-8538-08250CEA2EF9} = {46B701C4-1E36-4C22-8538-08250CEA2EF9}
		{3EF054B9-D7D3-48CD-8B19-A7E36DB18EB1} = {3EF054B9-D7D3-48CD-8B19-A7E36DB18EB1}
	EndProjectSection
EndProject
Project("{8BC9CEB8-8B4A-11D0-8D11-00A0C91BC942}") = "awt_s", "awt_s\awt_s.vcproj", "{680FAEA3-1070-4490-AB01-25007BC78B8C}"
	ProjectSection(ProjectDependencies) = postProject
		{3EF054B9-D7D3-48CD-8B19-A7E36DB18EB1} = {3EF054B9-D7D3-48CD-8B19-A7E36DB18EB1}
	EndProjectSection
EndProject
Project("{8BC9CEB8-8B4A-11D0-8D11-00A0C91BC942}") = "base", "base\base.vcproj", "{46B701C4-1E36-4C22-8538-08250CEA2EF9}"
EndProject
Project("{8BC9CEB8-8B4A-11D0-8D11-00A0C91BC942}") = "base_s", "base_s\base_s.vcproj", "{A81C0273-2197-4766-A445-4B6D4BA618C6}"
EndProject
Project("{8BC9CEB8-8B4A-11D0-8D11-00A0C91BC942}") = "filter", "filter\filter.vcproj", "{3EF054B9-D7D3-48CD-8B19-A7E36DB18EB1}"
EndProject
Project("{8BC9CEB8-8B4A-11D0-8D11-00A0C91BC942}") = "g723_encode", "g723_encode\g723_encode.vcproj", "{B33C686C-9D38-4874-B275-6FCD7CAA5D98}"
EndProject
Project("{8BC9CEB8-8B4A-11D0-8D11-00A0C91BC942}") = "math_s", "math_s\math_s.vcproj", "{486E26A7-5F83-4FF2-BEB1-8BA1A7C4DE41}"
EndProject
Project("{8BC9CEB8-8B4A-11D0-8D11-00A0C91BC942}") = "misc_s", "misc_s\misc_s.vcproj", "{13A3B5E7-3230-43F2-97A5-41AF5DF92CD7}"
EndProject
Project("{8BC9CEB8-8B4A-11D0-8D11-00A0C91BC942}") = "modules_s", "modules_s\modules_s.vcproj", "{136C6DD6-5810-4552-B7BB-601FA40E12AB}"
EndProject
Project("{8BC9CEB8-8B4A-11D0-8D11-00A0C91BC942}") = "msdebug", "msdebug.vcproj", "{14BA9BE9-DD61-4B22-B843-AA39B1C28AE5}"
	ProjectSection(ProjectDependencies) = postProject
		{852C21BD-D8A5-4747-BCF5-C233B8A1CDF0} = {852C21BD-D8A5-4747-BCF5-C233B8A1CDF0}
		{46B701C4-1E36-4C22-8538-08250CEA2EF9} = {46B701C4-1E36-4C22-8538-08250CEA2EF9}
		{B3FC461A-37A9-4B3F-8B85-B8586DF75D00} = {B3FC461A-37A9-4B3F-8B85-B8586DF75D00}
		{136C6DD6-5810-4552-B7BB-601FA40E12AB} = {136C6DD6-5810-4552-B7BB-601FA40E12AB}
		{486E26A7-5F83-4FF2-BEB1-8BA1A7C4DE41} = {486E26A7-5F83-4FF2-BEB1-8BA1A7C4DE41}
		{13A3B5E7-3230-43F2-97A5-41AF5DF92CD7} = {13A3B5E7-3230-43F2-97A5-41AF5DF92CD7}
	EndProjectSection
EndProject
Project("{8BC9CEB8-8B4A-11D0-8D11-00A0C91BC942}") = "neat", "neat\neat.vcproj", "{B3FC461A-37A9-4B3F-8B85-B8586DF75D00}"
	ProjectSection(ProjectDependencies) = postProject
		{852C21BD-D8A5-4747-BCF5-C233B8A1CDF0} = {852C21BD-D8A5-4747-BCF5-C233B8A1CDF0}
		{46B701C4-1E36-4C22-8538-08250CEA2EF9} = {46B701C4-1E36-4C22-8538-08250CEA2EF9}
	EndProjectSection
EndProject
Project("{8BC9CEB8-8B4A-11D0-8D11-00A0C91BC942}") = "tester", "..\tester\tester.vcproj", "{DBB356EB-850F-4E51-A41F-B3C92A16C4E7}"
EndProject
Global
	GlobalSection(SolutionConfigurationPlatforms) = preSolution
		Debug|Win32 = Debug|Win32
		Release|Win32 = Release|Win32
	EndGlobalSection
	GlobalSection(ProjectConfigurationPlatforms) = postSolution
		{852C21BD-D8A5-4747-BCF5-C233B8A1CDF0}.Debug|Win32.ActiveCfg = Debug|Win32
		{852C21BD-D8A5-4747-BCF5-C233B8A1CDF0}.Debug|Win32.Build.0 = Debug|Win32
		{852C21BD-D8A5-4747-BCF5-C233B8A1CDF0}.Release|Win32.ActiveCfg = Release|Win32
		{852C21BD-D8A5-4747-BCF5-C233B8A1CDF0}.Release|Win32.Build.0 = Release|Win32
		{680FAEA3-1070-4490-AB01-25007BC78B8C}.Debug|Win32.ActiveCfg = Debug|Win32
		{680FAEA3-1070-4490-AB01-25007BC78B8C}.Debug|Win32.Build.0 = Debug|Win32
		{680FAEA3-1070-4490-AB01-25007BC78B8C}.Release|Win32.ActiveCfg = Release|Win32
		{680FAEA3-1070-4490-AB01-25007BC78B8C}.Release|Win32.Build.0 = Release|Win32
		{46B701C4-1E36-4C22-8538-08250CEA2EF9}.Debug|Win32.ActiveCfg = Debug|Win32
		{46B701C4-1E36-4C22-8538-08250CEA2EF9}.Debug|Win32.Build.0 = Debug|Win32
		{46B701C4-1E36-4C22-8538-08250CEA2EF9}.Release|Win32.ActiveCfg = Release|Win32
		{46B701C4-1E36-4C22-8538-08250CEA2EF9}.Release|Win32.Build.0 = Release|Win32
		{A81C0273-2197-4766-A445-4B6D4BA618C6}.Debug|Win32.ActiveCfg = Debug|Win32
		{A81C0273-2197-4766-A445-4B6D4BA618C6}.Debug|Win32.Build.0 = Debug|Win32
		{A81C0273-2197-4766-A445-4B6D4BA618C6}.Release|Win32.ActiveCfg = Release|Win32
		{A81C0273-2197-4766-A445-4B6D4BA618C6}.Release|Win32.Build.0 = Release|Win32
		{3EF054B9-D7D3-48CD-8B19-A7E36DB18EB1}.Debug|Win32.ActiveCfg = Debug|Win32
		{3EF054B9-D7D3-48CD-8B19-A7E36DB18EB1}.Debug|Win32.Build.0 = Debug|Win32
		{3EF054B9-D7D3-48CD-8B19-A7E36DB18EB1}.Release|Win32.ActiveCfg = Release|Win32
		{3EF054B9-D7D3-48CD-8B19-A7E36DB18EB1}.Release|Win32.Build.0 = Release|Win32
		{B33C686C-9D38-4874-B275-6FCD7CAA5D98}.Debug|Win32.ActiveCfg = Debug|Win32
		{B33C686C-9D38-4874-B275-6FCD7CAA5D98}.Debug|Win32.Build.0 = Debug|Win32
		{B33C686C-9D38-4874-B275-6FCD7CAA5D98}.Release|Win32.ActiveCfg = Release|Win32
		{B33C686C-9D38-4874-B275-6FCD7CAA5D98}.Release|Win32.Build.0 = Release|Win32
		{486E26A7-5F83-4FF2-BEB1-8BA1A7C4DE41}.Debug|Win32.ActiveCfg = Debug|Win32
		{486E26A7-5F83-4FF2-BEB1-8BA1A7C4DE41}.Debug|Win32.Build.0 = Debug|Win32
		{486E26A7-5F83-4FF2-BEB1-8BA1A7C4DE41}.Release|Win32.ActiveCfg = Release|Win32
		{486E26A7-5F83-4FF2-BEB1-8BA1A7C4DE41}.Release|Win32.Build.0 = Release|Win32
		{13A3B5E7-3230-43F2-97A5-41AF5DF92CD7}.Debug|Win32.ActiveCfg = Debug|Win32
		{13A3B5E7-3230-43F2-97A5-41AF5DF92CD7}.Debug|Win32.Build.0 = Debug|Win32
		{13A3B5E7-3230-43F2-97A5-41AF5DF92CD7}.Release|Win32.ActiveCfg = Release|Win32
		{13A3B5E7-3230-43F2-97A5-41AF5DF92CD7}.Release|Win32.Build.0 = Release|Win32
		{136C6DD6-5810-4552-B7BB-601FA40E12AB}.Debug|Win32.ActiveCfg = Debug|Win32
		{136C6DD6-5810-4552-B7BB-601FA40E12AB}.Debug|Win32.Build.0 = Debug|Win32
		{136C6DD6-5810-4552-B7BB-601FA40E12AB}.Release|Win32.ActiveCfg = Release|Win32
		{136C6DD6-5810-4552-B7BB-601FA40E12AB}.Release|Win32.Build.0 = Release|Win32
		{14BA9BE9-DD61-4B22-B843-AA39B1C28AE5}.Debug|Win32.ActiveCfg = Debug|Win32
		{14BA9BE9-DD61-4B22-B843-AA39B1C28AE5}.Debug|Win32.Build.0 = Debug|Win32
		{14BA9BE9-DD61-4B22-B843-AA39B1C28AE5}.Release|Win32.ActiveCfg = Release|Win32
		{14BA9BE9-DD61-4B22-B843-AA39B1C28AE5}.Release|Win32.Build.0 = Release|Win32
		{B3FC461A-37A9-4B3F-8B85-B8586DF75D00}.Debug|Win32.ActiveCfg = Debug|Win32
		{B3FC461A-37A9-4B3F-8B85-B8586DF75D00}.Debug|Win32.Build.0 = Debug|Win32
		{B3FC461A-37A9-4B3F-8B85-B8586DF75D00}.Release|Win32.ActiveCfg = Release|Win32
		{B3FC461A-37A9-4B3F-8B85-B8586DF75D00}.Release|Win32.Build.0 = Release|Win32
		{DBB356EB-850F-4E51-A41F-B3C92A16C4E7}.Debug|Win32.ActiveCfg = Debug|Win32
		{DBB356EB-850F-4E51-A41F-B3C92A16C4E7}.Debug|Win32.Build.0 = Debug|Win32
		{DBB356EB-850F-4E51-A41F-B3C92A16C4E7}.Release|Win32.ActiveCfg = Release|Win32
	EndGlobalSection
	GlobalSection(SolutionProperties) = preSolution
		HideSolutionNode = FALSE
	EndGlobalSection
EndGlobal
